{
  "requires": true,
  "lockfileVersion": 1,
  "dependencies": {
    "express-validator": {
      "version": "6.10.0",
      "resolved": "https://registry.npmjs.org/express-validator/-/express-validator-6.10.0.tgz",
      "integrity": "sha512-gDtepU94EpUzgFvKO/8JzjZ4uqIF4xHekjYtcNgFDiBK6Hob3MQhPU8s/c3NaWd1xi5e5nA0oVmOJ0b0ZBO36Q==",
      "requires": {
        "lodash": "^4.17.20",
        "validator": "^13.5.2"
      }
    },
    "lodash": {
      "version": "4.17.21",
      "resolved": "https://registry.npmjs.org/lodash/-/lodash-4.17.21.tgz",
      "integrity": "sha512-v2kDEe57lecTulaDIuNTPy3Ry4gLGJ6Z1O3vE1krgXZNrsQ+LFTGHVxVjcXPs17LhbZVGedAJv8XZ1tvj5FvSg=="
    },
    "react-icons": {
      "version": "4.2.0",
      "resolved": "https://registry.npmjs.org/react-icons/-/react-icons-4.2.0.tgz",
      "integrity": "sha512-rmzEDFt+AVXRzD7zDE21gcxyBizD/3NqjbX6cmViAgdqfJ2UiLer8927/QhhrXQV7dEj/1EGuOTPp7JnLYVJKQ=="
    },
    "validator": {
      "version": "13.6.0",
      "resolved": "https://registry.npmjs.org/validator/-/validator-13.6.0.tgz",
      "integrity": "sha512-gVgKbdbHgtxpRyR8K0O6oFZPhhB5tT1jeEHZR0Znr9Svg03U0+r9DXWMrnRAB+HtCStDQKlaIZm42tVsVjqtjg=="
    }
  }
}
